// !$*UTF8*$!
{
	archiveVersion = 1;
	classes = {
	};
	objectVersion = 51;
	objects = {

/* Begin PBXBuildFile section */
		25F5EEA204D90F6A7E6A6A33 /* Pods_JJPlayerView.framework in Frameworks */ = {isa = PBXBuildFile; fileRef = CFDF71F1517380A68B09E7ED /* Pods_JJPlayerView.framework */; };
		7D4E7DC2257BC37E007CCA42 /* AppDelegate.m in Sources */ = {isa = PBXBuildFile; fileRef = 7D4E7DC1257BC37E007CCA42 /* AppDelegate.m */; };
		7D4E7DC8257BC37E007CCA42 /* ViewController.m in Sources */ = {isa = PBXBuildFile; fileRef = 7D4E7DC7257BC37E007CCA42 /* ViewController.m */; };
		7D4E7DCB257BC37E007CCA42 /* Main.storyboard in Resources */ = {isa = PBXBuildFile; fileRef = 7D4E7DC9257BC37E007CCA42 /* Main.storyboard */; };
		7D4E7DCD257BC380007CCA42 /* Assets.xcassets in Resources */ = {isa = PBXBuildFile; fileRef = 7D4E7DCC257BC380007CCA42 /* Assets.xcassets */; };
		7D4E7DD0257BC380007CCA42 /* LaunchScreen.storyboard in Resources */ = {isa = PBXBuildFile; fileRef = 7D4E7DCE257BC380007CCA42 /* LaunchScreen.storyboard */; };
		7D4E7DD3257BC380007CCA42 /* main.m in Sources */ = {isa = PBXBuildFile; fileRef = 7D4E7DD2257BC380007CCA42 /* main.m */; };
/* End PBXBuildFile section */

/* Begin PBXFileReference section */
		7D4E7DBD257BC37E007CCA42 /* JJPlayerView.app */ = {isa = PBXFileReference; explicitFileType = wrapper.application; includeInIndex = 0; path = JJPlayerView.app; sourceTree = BUILT_PRODUCTS_DIR; };
		7D4E7DC0257BC37E007CCA42 /* AppDelegate.h */ = {isa = PBXFileReference; lastKnownFileType = sourcecode.c.h; path = AppDelegate.h; sourceTree = "<group>"; };
		7D4E7DC1257BC37E007CCA42 /* AppDelegate.m */ = {isa = PBXFileReference; lastKnownFileType = sourcecode.c.objc; path = AppDelegate.m; sourceTree = "<group>"; };
		7D4E7DC6257BC37E007CCA42 /* ViewController.h */ = {isa = PBXFileReference; lastKnownFileType = sourcecode.c.h; path = ViewController.h; sourceTree = "<group>"; };
		7D4E7DC7257BC37E007CCA42 /* ViewController.m */ = {isa = PBXFileReference; lastKnownFileType = sourcecode.c.objc; path = ViewController.m; sourceTree = "<group>"; };
		7D4E7DCA257BC37E007CCA42 /* Base */ = {isa = PBXFileReference; lastKnownFileType = file.storyboard; name = Base; path = Base.lproj/Main.storyboard; sourceTree = "<group>"; };
		7D4E7DCC257BC380007CCA42 /* Assets.xcassets */ = {isa = PBXFileReference; lastKnownFileType = folder.assetcatalog; path = Assets.xcassets; sourceTree = "<group>"; };
		7D4E7DCF257BC380007CCA42 /* Base */ = {isa = PBXFileReference; lastKnownFileType = file.storyboard; name = Base; path = Base.lproj/LaunchScreen.storyboard; sourceTree = "<group>"; };
		7D4E7DD1257BC380007CCA42 /* Info.plist */ = {isa = PBXFileReference; lastKnownFileType = text.plist.xml; path = Info.plist; sourceTree = "<group>"; };
		7D4E7DD2257BC380007CCA42 /* main.m */ = {isa = PBXFileReference; lastKnownFileType = sourcecode.c.objc; path = main.m; sourceTree = "<group>"; };
		7DA5EDBCC0D5E30872B00681 /* Pods-JJPlayerView.debug.xcconfig */ = {isa = PBXFileReference; includeInIndex = 1; lastKnownFileType = text.xcconfig; name = "Pods-JJPlayerView.debug.xcconfig"; path = "Target Support Files/Pods-JJPlayerView/Pods-JJPlayerView.debug.xcconfig"; sourceTree = "<group>"; };
		C51D529CB403818149DB9FFB /* Pods-JJPlayerView.release.xcconfig */ = {isa = PBXFileReference; includeInIndex = 1; lastKnownFileType = text.xcconfig; name = "Pods-JJPlayerView.release.xcconfig"; path = "Target Support Files/Pods-JJPlayerView/Pods-JJPlayerView.release.xcconfig"; sourceTree = "<group>"; };
		CFDF71F1517380A68B09E7ED /* Pods_JJPlayerView.framework */ = {isa = PBXFileReference; explicitFileType = wrapper.framework; includeInIndex = 0; path = Pods_JJPlayerView.framework; sourceTree = BUILT_PRODUCTS_DIR; };
/* End PBXFileReference section */

/* Begin PBXFrameworksBuildPhase section */
		7D4E7DBA257BC37E007CCA42 /* Frameworks */ = {
			isa = PBXFrameworksBuildPhase;
			buildActionMask = 2147483647;
			files = (
				25F5EEA204D90F6A7E6A6A33 /* Pods_JJPlayerView.framework in Frameworks */,
			);
			runOnlyForDeploymentPostprocessing = 0;
		};
/* End PBXFrameworksBuildPhase section */

/* Begin PBXGroup section */
		12347F57E8B333DA139F857A /* Pods */ = {
			isa = PBXGroup;
			children = (
				7DA5EDBCC0D5E30872B00681 /* Pods-JJPlayerView.debug.xcconfig */,
				C51D529CB403818149DB9FFB /* Pods-JJPlayerView.release.xcconfig */,
			);
			path = Pods;
			sourceTree = "<group>";
		};
		7D4E7DB4257BC37E007CCA42 = {
			isa = PBXGroup;
			children = (
				7D4E7DBF257BC37E007CCA42 /* JJPlayerView */,
				7D4E7DBE257BC37E007CCA42 /* Products */,
				12347F57E8B333DA139F857A /* Pods */,
				A02F6CCE9435F25D1FD1D9B1 /* Frameworks */,
			);
			sourceTree = "<group>";
		};
		7D4E7DBE257BC37E007CCA42 /* Products */ = {
			isa = PBXGroup;
			children = (
				7D4E7DBD257BC37E007CCA42 /* JJPlayerView.app */,
			);
			name = Products;
			sourceTree = "<group>";
		};
		7D4E7DBF257BC37E007CCA42 /* JJPlayerView */ = {
			isa = PBXGroup;
			children = (
				7D4E7DC0257BC37E007CCA42 /* AppDelegate.h */,
				7D4E7DC1257BC37E007CCA42 /* AppDelegate.m */,
				7D4E7DC6257BC37E007CCA42 /* ViewController.h */,
				7D4E7DC7257BC37E007CCA42 /* ViewController.m */,
				7D4E7DC9257BC37E007CCA42 /* Main.storyboard */,
				7D4E7DCC257BC380007CCA42 /* Assets.xcassets */,
				7D4E7DCE257BC380007CCA42 /* LaunchScreen.storyboard */,
				7D4E7DD1257BC380007CCA42 /* Info.plist */,
				7D4E7DD2257BC380007CCA42 /* main.m */,
			);
			path = JJPlayerView;
			sourceTree = "<group>";
		};
		A02F6CCE9435F25D1FD1D9B1 /* Frameworks */ = {
			isa = PBXGroup;
			children = (
				CFDF71F1517380A68B09E7ED /* Pods_JJPlayerView.framework */,
			);
			name = Frameworks;
			sourceTree = "<group>";
		};
/* End PBXGroup section */

/* Begin PBXNativeTarget section */
		7D4E7DBC257BC37E007CCA42 /* JJPlayerView */ = {
			isa = PBXNativeTarget;
			buildConfigurationList = 7D4E7DD6257BC380007CCA42 /* Build configuration list for PBXNativeTarget "JJPlayerView" */;
			buildPhases = (
				7C97205C5A5FB696DD52C32B /* [CP] Check Pods Manifest.lock */,
				7D4E7DB9257BC37E007CCA42 /* Sources */,
				7D4E7DBA257BC37E007CCA42 /* Frameworks */,
				7D4E7DBB257BC37E007CCA42 /* Resources */,
				0EE92EB9ECAF59EE8406760E /* [CP] Embed Pods Frameworks */,
			);
			buildRules = (
			);
			dependencies = (
			);
			name = JJPlayerView;
			productName = JJPlayerView;
			productReference = 7D4E7DBD257BC37E007CCA42 /* JJPlayerView.app */;
			productType = "com.apple.product-type.application";
		};
/* End PBXNativeTarget section */

/* Begin PBXProject section */
		7D4E7DB5257BC37E007CCA42 /* Project object */ = {
			isa = PBXProject;
			attributes = {
				LastUpgradeCheck = 1220;
				TargetAttributes = {
					7D4E7DBC257BC37E007CCA42 = {
						CreatedOnToolsVersion = 12.2;
					};
				};
			};
			buildConfigurationList = 7D4E7DB8257BC37E007CCA42 /* Build configuration list for PBXProject "JJPlayerView" */;
			compatibilityVersion = "Xcode 9.3";
			developmentRegion = en;
			hasScannedForEncodings = 0;
			knownRegions = (
				en,
				Base,
			);
			mainGroup = 7D4E7DB4257BC37E007CCA42;
			productRefGroup = 7D4E7DBE257BC37E007CCA42 /* Products */;
			projectDirPath = "";
			projectRoot = "";
			targets = (
				7D4E7DBC257BC37E007CCA42 /* JJPlayerView */,
			);
		};
/* End PBXProject section */

/* Begin PBXResourcesBuildPhase section */
		7D4E7DBB257BC37E007CCA42 /* Resources */ = {
			isa = PBXResourcesBuildPhase;
			buildActionMask = 2147483647;
			files = (
				7D4E7DD0257BC380007CCA42 /* LaunchScreen.storyboard in Resources */,
				7D4E7DCD257BC380007CCA42 /* Assets.xcassets in Resources */,
				7D4E7DCB257BC37E007CCA42 /* Main.storyboard in Resources */,
			);
			runOnlyForDeploymentPostprocessing = 0;
		};
/* End PBXResourcesBuildPhase section */

/* Begin PBXShellScriptBuildPhase section */
		0EE92EB9ECAF59EE8406760E /* [CP] Embed Pods Frameworks */ = {
			isa = PBXShellScriptBuildPhase;
			buildActionMask = 2147483647;
			files = (
			);
			inputFileListPaths = (
				"${PODS_ROOT}/Target Support Files/Pods-JJPlayerView/Pods-JJPlayerView-frameworks-${CONFIGURATION}-input-files.xcfilelist",
			);
			name = "[CP] Embed Pods Frameworks";
			outputFileListPaths = (
				"${PODS_ROOT}/Target Support Files/Pods-JJPlayerView/Pods-JJPlayerView-frameworks-${CONFIGURATION}-output-files.xcfilelist",
			);
			runOnlyForDeploymentPostprocessing = 0;
			shellPath = /bin/sh;
			shellScript = "\"${PODS_ROOT}/Target Support Files/Pods-JJPlayerView/Pods-JJPlayerView-frameworks.sh\"\n";
			showEnvVarsInLog = 0;
		};
		7C97205C5A5FB696DD52C32B /* [CP] Check Pods Manifest.lock */ = {
			isa = PBXShellScriptBuildPhase;
			buildActionMask = 2147483647;
			files = (
			);
			inputFileListPaths = (
			);
			inputPaths = (
				"${PODS_PODFILE_DIR_PATH}/Podfile.lock",
				"${PODS_ROOT}/Manifest.lock",
			);
			name = "[CP] Check Pods Manifest.lock";
			outputFileListPaths = (
			);
			outputPaths = (
				"$(DERIVED_FILE_DIR)/Pods-JJPlayerView-checkManifestLockResult.txt",
			);
			runOnlyForDeploymentPostprocessing = 0;
			shellPath = /bin/sh;
			shellScript = "diff \"${PODS_PODFILE_DIR_PATH}/Podfile.lock\" \"${PODS_ROOT}/Manifest.lock\" > /dev/null\nif [ $? != 0 ] ; then\n    # print error to STDERR\n    echo \"error: The sandbox is not in sync with the Podfile.lock. Run 'pod install' or update your CocoaPods installation.\" >&2\n    exit 1\nfi\n# This output is used by Xcode 'outputs' to avoid re-running this script phase.\necho \"SUCCESS\" > \"${SCRIPT_OUTPUT_FILE_0}\"\n";
			showEnvVarsInLog = 0;
		};
/* End PBXShellScriptBuildPhase section */

/* Begin PBXSourcesBuildPhase section */
		7D4E7DB9257BC37E007CCA42 /* Sources */ = {
			isa = PBXSourcesBuildPhase;
			buildActionMask = 2147483647;
			files = (
				7D4E7DC8257BC37E007CCA42 /* ViewController.m in Sources */,
				7D4E7DC2257BC37E007CCA42 /* AppDelegate.m in Sources */,
				7D4E7DD3257BC380007CCA42 /* main.m in Sources */,
			);
			runOnlyForDeploymentPostprocessing = 0;
		};
/* End PBXSourcesBuildPhase section */

/* Begin PBXVariantGroup section */
		7D4E7DC9257BC37E007CCA42 /* Main.storyboard */ = {
			isa = PBXVariantGroup;
			children = (
				7D4E7DCA257BC37E007CCA42 /* Base */,
			);
			name = Main.storyboard;
			sourceTree = "<group>";
		};
		7D4E7DCE257BC380007CCA42 /* LaunchScreen.storyboard */ = {
			isa = PBXVariantGroup;
			children = (
				7D4E7DCF257BC380007CCA42 /* Base */,
			);
			name = LaunchScreen.storyboard;
			sourceTree = "<group>";
		};
/* End PBXVariantGroup section */

/* Begin XCBuildConfiguration section */
		7D4E7DD4257BC380007CCA42 /* Debug */ = {
			isa = XCBuildConfiguration;
			buildSettings = {
				ALWAYS_SEARCH_USER_PATHS = NO;
				CLANG_ANALYZER_NONNULL = YES;
				CLANG_ANALYZER_NUMBER_OBJECT_CONVERSION = YES_AGGRESSIVE;
				CLANG_CXX_LANGUAGE_STANDARD = "gnu++14";
				CLANG_CXX_LIBRARY = "libc++";
				CLANG_ENABLE_MODULES = YES;
				CLANG_ENABLE_OBJC_ARC = YES;
				CLANG_ENABLE_OBJC_WEAK = YES;
				CLANG_WARN_BLOCK_CAPTURE_AUTORELEASING = YES;
				CLANG_WARN_BOOL_CONVERSION = YES;
				CLANG_WARN_COMMA = YES;
				CLANG_WARN_CONSTANT_CONVERSION = YES;
				CLANG_WARN_DEPRECATED_OBJC_IMPLEMENTATIONS = YES;
				CLANG_WARN_DIRECT_OBJC_ISA_USAGE = YES_ERROR;
				CLANG_WARN_DOCUMENTATION_COMMENTS = YES;
				CLANG_WARN_EMPTY_BODY = YES;
				CLANG_WARN_ENUM_CONVERSION = YES;
				CLANG_WARN_INFINITE_RECURSION = YES;
				CLANG_WARN_INT_CONVERSION = YES;
				CLANG_WARN_NON_LITERAL_NULL_CONVERSION = YES;
				CLANG_WARN_OBJC_IMPLICIT_RETAIN_SELF = YES;
				CLANG_WARN_OBJC_LITERAL_CONVERSION = YES;
				CLANG_WARN_OBJC_ROOT_CLASS = YES_ERROR;
				CLANG_WARN_QUOTED_INCLUDE_IN_FRAMEWORK_HEADER = YES;
				CLANG_WARN_RANGE_LOOP_ANALYSIS = YES;
				CLANG_WARN_STRICT_PROTOTYPES = YES;
				CLANG_WARN_SUSPICIOUS_MOVE = YES;
				CLANG_WARN_UNGUARDED_AVAILABILITY = YES_AGGRESSIVE;
				CLANG_WARN_UNREACHABLE_CODE = YES;
				CLANG_WARN__DUPLICATE_METHOD_MATCH = YES;
				COPY_PHASE_STRIP = NO;
				DEBUG_INFORMATION_FORMAT = dwarf;
				ENABLE_STRICT_OBJC_MSGSEND = YES;
				ENABLE_TESTABILITY = YES;
				GCC_C_LANGUAGE_STANDARD = gnu11;
				GCC_DYNAMIC_NO_PIC = NO;
				GCC_NO_COMMON_BLOCKS = YES;
				GCC_OPTIMIZATION_LEVEL = 0;
				GCC_PREPROCESSOR_DEFINITIONS = (
					"DEBUG=1",
					"$(inherited)",
				);
				GCC_WARN_64_TO_32_BIT_CONVERSION = YES;
				GCC_WARN_ABOUT_RETURN_TYPE = YES_ERROR;
				GCC_WARN_UNDECLARED_SELECTOR = YES;
				GCC_WARN_UNINITIALIZED_AUTOS = YES_AGGRESSIVE;
				GCC_WARN_UNUSED_FUNCTION = YES;
				GCC_WARN_UNUSED_VARIABLE = YES;
				IPHONEOS_DEPLOYMENT_TARGET = 14.2;
				MTL_ENABLE_DEBUG_INFO = INCLUDE_SOURCE;
				MTL_FAST_MATH = YES;
				ONLY_ACTIVE_ARCH = YES;
				SDKROOT = iphoneos;
			};
			name = Debug;
		};
		7D4E7DD5257BC380007CCA42 /* Release */ = {
			isa = XCBuildConfiguration;
			buildSettings = {
				ALWAYS_SEARCH_USER_PATHS = NO;
				CLANG_ANALYZER_NONNULL = YES;
				CLANG_ANALYZER_NUMBER_OBJECT_CONVERSION = YES_AGGRESSIVE;
				CLANG_CXX_LANGUAGE_STANDARD = "gnu++14";
				CLANG_CXX_LIBRARY = "libc++";
				CLANG_ENABLE_MODULES = YES;
				CLANG_ENABLE_OBJC_ARC = YES;
				CLANG_ENABLE_OBJC_WEAK = YES;
				CLANG_WARN_BLOCK_CAPTURE_AUTORELEASING = YES;
				CLANG_WARN_BOOL_CONVERSION = YES;
				CLANG_WARN_COMMA = YES;
				CLANG_WARN_CONSTANT_CONVERSION = YES;
				CLANG_WARN_DEPRECATED_OBJC_IMPLEMENTATIONS = YES;
				CLANG_WARN_DIRECT_OBJC_ISA_USAGE = YES_ERROR;
				CLANG_WARN_DOCUMENTATION_COMMENTS = YES;
				CLANG_WARN_EMPTY_BODY = YES;
				CLANG_WARN_ENUM_CONVERSION = YES;
				CLANG_WARN_INFINITE_RECURSION = YES;
				CLANG_WARN_INT_CONVERSION = YES;
				CLANG_WARN_NON_LITERAL_NULL_CONVERSION = YES;
				CLANG_WARN_OBJC_IMPLICIT_RETAIN_SELF = YES;
				CLANG_WARN_OBJC_LITERAL_CONVERSION = YES;
				CLANG_WARN_OBJC_ROOT_CLASS = YES_ERROR;
				CLANG_WARN_QUOTED_INCLUDE_IN_FRAMEWORK_HEADER = YES;
				CLANG_WARN_RANGE_LOOP_ANALYSIS = YES;
				CLANG_WARN_STRICT_PROTOTYPES = YES;
				CLANG_WARN_SUSPICIOUS_MOVE = YES;
				CLANG_WARN_UNGUARDED_AVAILABILITY = YES_AGGRESSIVE;
				CLANG_WARN_UNREACHABLE_CODE = YES;
				CLANG_WARN__DUPLICATE_METHOD_MATCH = YES;
				COPY_PHASE_STRIP = NO;
				DEBUG_INFORMATION_FORMAT = "dwarf-with-dsym";
				ENABLE_NS_ASSERTIONS = NO;
				ENABLE_STRICT_OBJC_MSGSEND = YES;
				GCC_C_LANGUAGE_STANDARD = gnu11;
				GCC_NO_COMMON_BLOCKS = YES;
				GCC_WARN_64_TO_32_BIT_CONVERSION = YES;
				GCC_WARN_ABOUT_RETURN_TYPE = YES_ERROR;
				GCC_WARN_UNDECLARED_SELECTOR = YES;
				GCC_WARN_UNINITIALIZED_AUTOS = YES_AGGRESSIVE;
				GCC_WARN_UNUSED_FUNCTION = YES;
				GCC_WARN_UNUSED_VARIABLE = YES;
				IPHONEOS_DEPLOYMENT_TARGET = 14.2;
				MTL_ENABLE_DEBUG_INFO = NO;
				MTL_FAST_MATH = YES;
				SDKROOT = iphoneos;
				VALIDATE_PRODUCT = YES;
			};
			name = Release;
		};
		7D4E7DD7257BC380007CCA42 /* Debug */ = {
			isa = XCBuildConfiguration;
			baseConfigurationReference = 7DA5EDBCC0D5E30872B00681 /* Pods-JJPlayerView.debug.xcconfig */;
			buildSettings = {
				ASSETCATALOG_COMPILER_APPICON_NAME = AppIcon;
				ASSETCATALOG_COMPILER_GLOBAL_ACCENT_COLOR_NAME = AccentColor;
				CODE_SIGN_STYLE = Automatic;
				DEVELOPMENT_TEAM = 4K963G24NF;
				INFOPLIST_FILE = JJPlayerView/Info.plist;
				LD_RUNPATH_SEARCH_PATHS = (
					"$(inherited)",
					"@executable_path/Frameworks",
				);
				PRODUCT_BUNDLE_IDENTIFIER = com.xuanhe.JJPlayerView;
				PRODUCT_NAME = "$(TARGET_NAME)";
				TARGETED_DEVICE_FAMILY = "1,2";
			};
			name = Debug;
		};
		7D4E7DD8257BC380007CCA42 /* Release */ = {
			isa = XCBuildConfiguration;
			baseConfigurationReference = C51D529CB403818149DB9FFB /* Pods-JJPlayerView.release.xcconfig */;
			buildSettings = {
				ASSETCATALOG_COMPILER_APPICON_NAME = AppIcon;
				ASSETCATALOG_COMPILER_GLOBAL_ACCENT_COLOR_NAME = AccentColor;
				CODE_SIGN_STYLE = Automatic;
				DEVELOPMENT_TEAM = 4K963G24NF;
				INFOPLIST_FILE = JJPlayerView/Info.plist;
				LD_RUNPATH_SEARCH_PATHS = (
					"$(inherited)",
					"@executable_path/Frameworks",
				);
				PRODUCT_BUNDLE_IDENTIFIER = com.xuanhe.JJPlayerView;
				PRODUCT_NAME = "$(TARGET_NAME)";
				TARGETED_DEVICE_FAMILY = "1,2";
			};
			name = Release;
		};
/* End XCBuildConfiguration section */

/* Begin XCConfigurationList section */
		7D4E7DB8257BC37E007CCA42 /* Build configuration list for PBXProject "JJPlayerView" */ = {
			isa = XCConfigurationList;
			buildConfigurations = (
				7D4E7DD4257BC380007CCA42 /* Debug */,
				7D4E7DD5257BC380007CCA42 /* Release */,
			);
			defaultConfigurationIsVisible = 0;
			defaultConfigurationName = Release;
		};
		7D4E7DD6257BC380007CCA42 /* Build configuration list for PBXNativeTarget "JJPlayerView" */ = {
			isa = XCConfigurationList;
			buildConfigurations = (
				7D4E7DD7257BC380007CCA42 /* Debug */,
				7D4E7DD8257BC380007CCA42 /* Release */,
			);
			defaultConfigurationIsVisible = 0;
			defaultConfigurationName = Release;
		};
/* End XCConfigurationList section */
	};
	rootObject = 7D4E7DB5257BC37E007CCA42 /* Project object */;
}
